
Microsoft Visual Studio Solution File, Format Version 12.00
# Visual Studio Version 17
VisualStudioVersion = 17.11.35312.102
MinimumVisualStudioVersion = 10.0.40219.1
Project("{9A19103F-16F7-4668-BE54-9A1E7A4F7556}") = "PlatosComida", "PlatosComida.csproj", "{C5226548-9D63-42AC-A4AE-1A52B5CD1F7E}"
EndProject
Project("{FAE04EC0-301F-11D3-BF4B-00C04F79EFBC}") = "ServidorApiPlatos", "..\ServidorApiPlatos\ServidorApiPlatos.csproj", "{5B1C89F2-0F77-4DA3-A9EE-530377A90A57}"
EndProject
Global
	GlobalSection(SolutionConfigurationPlatforms) = preSolution
		Debug|Any CPU = Debug|Any CPU
		Release|Any CPU = Release|Any CPU
	EndGlobalSection
	GlobalSection(ProjectConfigurationPlatforms) = postSolution
		{C5226548-9D63-42AC-A4AE-1A52B5CD1F7E}.Debug|Any CPU.ActiveCfg = Debug|Any CPU
		{C5226548-9D63-42AC-A4AE-1A52B5CD1F7E}.Debug|Any CPU.Build.0 = Debug|Any CPU
		{C5226548-9D63-42AC-A4AE-1A52B5CD1F7E}.Debug|Any CPU.Deploy.0 = Debug|Any CPU
		{C5226548-9D63-42AC-A4AE-1A52B5CD1F7E}.Release|Any CPU.ActiveCfg = Release|Any CPU
		{C5226548-9D63-42AC-A4AE-1A52B5CD1F7E}.Release|Any CPU.Build.0 = Release|Any CPU
		{C5226548-9D63-42AC-A4AE-1A52B5CD1F7E}.Release|Any CPU.Deploy.0 = Release|Any CPU
		{5B1C89F2-0F77-4DA3-A9EE-530377A90A57}.Debug|Any CPU.ActiveCfg = Debug|Any CPU
		{5B1C89F2-0F77-4DA3-A9EE-530377A90A57}.Debug|Any CPU.Build.0 = Debug|Any CPU
		{5B1C89F2-0F77-4DA3-A9EE-530377A90A57}.Release|Any CPU.ActiveCfg = Release|Any CPU
		{5B1C89F2-0F77-4DA3-A9EE-530377A90A57}.Release|Any CPU.Build.0 = Release|Any CPU
	EndGlobalSection
	GlobalSection(SolutionProperties) = preSolution
		HideSolutionNode = FALSE
	EndGlobalSection
	GlobalSection(ExtensibilityGlobals) = postSolution
		SolutionGuid = {199AF072-A027-4AA8-A1DD-4F5CEA5EA9A9}
	EndGlobalSection
EndGlobal
